
Microsoft Visual Studio Solution File, Format Version 12.00
# Visual Studio 15
VisualStudioVersion = 15.0.28307.421
MinimumVisualStudioVersion = 10.0.40219.1
Project("{FAE04EC0-301F-11D3-BF4B-00C04F79EFBC}") = "ScoringSystem", "ScoringSystem\ScoringSystem.csproj", "{18BBEDED-778F-4774-95C3-5423AD9E3EAD}"
EndProject
Global
	GlobalSection(SolutionConfigurationPlatforms) = preSolution
		Debug|Any CPU = Debug|Any CPU
		Release|Any CPU = Release|Any CPU
	EndGlobalSection
	GlobalSection(ProjectConfigurationPlatforms) = postSolution
		{18BBEDED-778F-4774-95C3-5423AD9E3EAD}.Debug|Any CPU.ActiveCfg = Debug|Any CPU
		{18BBEDED-778F-4774-95C3-5423AD9E3EAD}.Debug|Any CPU.Build.0 = Debug|Any CPU
		{18BBEDED-778F-4774-95C3-5423AD9E3EAD}.Release|Any CPU.ActiveCfg = Release|Any CPU
		{18BBEDED-778F-4774-95C3-5423AD9E3EAD}.Release|Any CPU.Build.0 = Release|Any CPU
	EndGlobalSection
	GlobalSection(SolutionProperties) = preSolution
		HideSolutionNode = FALSE
	EndGlobalSection
	GlobalSection(ExtensibilityGlobals) = postSolution
		SolutionGuid = {0BE08072-10E4-4B9D-AFE7-4585E99F9538}
	EndGlobalSection
EndGlobal
